// !$*UTF8*$!
{
	archiveVersion = 1;
	classes = {
	};
	objectVersion = 42;
	objects = {

/* Begin PBXBuildFile section */
		38F8DC39161235C300DD1BDA /* calculate.c in Sources */ = {isa = PBXBuildFile; fileRef = 38F8DBF71612354F00DD1BDA /* calculate.c */; };
		38F8DC3A161235C400DD1BDA /* cpu.c in Sources */ = {isa = PBXBuildFile; fileRef = 38F8DBF91612354F00DD1BDA /* cpu.c */; };
		38F8DC3B161235C500DD1BDA /* s16_free.c in Sources */ = {isa = PBXBuildFile; fileRef = 38F8DBFC1612354F00DD1BDA /* s16_free.c */; };
		38F8DC3C161235C600DD1BDA /* s16_new_lowpass.c in Sources */ = {isa = PBXBuildFile; fileRef = 38F8DBFD1612354F00DD1BDA /* s16_new_lowpass.c */; };
		38F8DC3D161235C600DD1BDA /* s16_new_preset.c in Sources */ = {isa = PBXBuildFile; fileRef = 38F8DBFE1612354F00DD1BDA /* s16_new_preset.c */; };
		38F8DC3E161235C700DD1BDA /* s16_new_resample.c in Sources */ = {isa = PBXBuildFile; fileRef = 38F8DBFF1612354F00DD1BDA /* s16_new_resample.c */; };
		38F8DC3F161235C700DD1BDA /* s16_new_sinc.c in Sources */ = {isa = PBXBuildFile; fileRef = 38F8DC001612354F00DD1BDA /* s16_new_sinc.c */; };
		38F8DC40161235C800DD1BDA /* s16_resample_mono.c in Sources */ = {isa = PBXBuildFile; fileRef = 38F8DC011612354F00DD1BDA /* s16_resample_mono.c */; };
		38F8DC41161235C800DD1BDA /* s16_resample_mono_scalar.c in Sources */ = {isa = PBXBuildFile; fileRef = 38F8DC021612354F00DD1BDA /* s16_resample_mono_scalar.c */; };
		38F8DC42161235C900DD1BDA /* s16_resample_mono_sse2.c in Sources */ = {isa = PBXBuildFile; fileRef = 38F8DC031612354F00DD1BDA /* s16_resample_mono_sse2.c */; };
		38F8DC43161235CA00DD1BDA /* s16_resample_stereo.c in Sources */ = {isa = PBXBuildFile; fileRef = 38F8DC041612354F00DD1BDA /* s16_resample_stereo.c */; };
		38F8DC44161235CA00DD1BDA /* s16_resample_stereo_scalar.c in Sources */ = {isa = PBXBuildFile; fileRef = 38F8DC051612354F00DD1BDA /* s16_resample_stereo_scalar.c */; };
		38F8DC45161235CB00DD1BDA /* s16_resample_stereo_sse2.c in Sources */ = {isa = PBXBuildFile; fileRef = 38F8DC061612354F00DD1BDA /* s16_resample_stereo_sse2.c */; };
		38F8DC591612368800DD1BDA /* libfresample.a in Frameworks */ = {isa = PBXBuildFile; fileRef = 38F8DC2D1612358C00DD1BDA /* libfresample.a */; };
		38F8DC5A1612369200DD1BDA /* audio.c in Sources */ = {isa = PBXBuildFile; fileRef = 38F8DC0C1612356500DD1BDA /* audio.c */; };
		38F8DC5B1612369200DD1BDA /* audio_format.c in Sources */ = {isa = PBXBuildFile; fileRef = 38F8DC0E1612356500DD1BDA /* audio_format.c */; };
		38F8DC5C1612369300DD1BDA /* audio_rate.c in Sources */ = {isa = PBXBuildFile; fileRef = 38F8DC0F1612356500DD1BDA /* audio_rate.c */; };
		38F8DC5D1612369300DD1BDA /* audio_raw_load.c in Sources */ = {isa = PBXBuildFile; fileRef = 38F8DC101612356500DD1BDA /* audio_raw_load.c */; };
		38F8DC5E1612369400DD1BDA /* audio_wav_check.c in Sources */ = {isa = PBXBuildFile; fileRef = 38F8DC111612356500DD1BDA /* audio_wav_check.c */; };
		38F8DC5F1612369400DD1BDA /* audio_wav_load.c in Sources */ = {isa = PBXBuildFile; fileRef = 38F8DC121612356500DD1BDA /* audio_wav_load.c */; };
		38F8DC601612369500DD1BDA /* audio_wav_save.c in Sources */ = {isa = PBXBuildFile; fileRef = 38F8DC131612356500DD1BDA /* audio_wav_save.c */; };
		38F8DC611612369600DD1BDA /* common.c in Sources */ = {isa = PBXBuildFile; fileRef = 38F8DC151612356500DD1BDA /* common.c */; };
		38F8DC621612369700DD1BDA /* file.c in Sources */ = {isa = PBXBuildFile; fileRef = 38F8DC171612356500DD1BDA /* file.c */; };
		38F8DC631612369700DD1BDA /* main.c in Sources */ = {isa = PBXBuildFile; fileRef = 38F8DC191612356500DD1BDA /* main.c */; };
		38F8DC641612369800DD1BDA /* riff.c in Sources */ = {isa = PBXBuildFile; fileRef = 38F8DC1A1612356500DD1BDA /* riff.c */; };
/* End PBXBuildFile section */

/* Begin PBXContainerItemProxy section */
		38F8DC6D161236E400DD1BDA /* PBXContainerItemProxy */ = {
			isa = PBXContainerItemProxy;
			containerPortal = 38F8DBE31612350A00DD1BDA /* Project object */;
			proxyType = 1;
			remoteGlobalIDString = 38F8DC2C1612358C00DD1BDA;
			remoteInfo = "Static Library";
		};
/* End PBXContainerItemProxy section */

/* Begin PBXFileReference section */
		38F8DBF71612354F00DD1BDA /* calculate.c */ = {isa = PBXFileReference; fileEncoding = 4; lastKnownFileType = sourcecode.c.c; path = calculate.c; sourceTree = "<group>"; };
		38F8DBF81612354F00DD1BDA /* calculate.h */ = {isa = PBXFileReference; fileEncoding = 4; lastKnownFileType = sourcecode.c.h; path = calculate.h; sourceTree = "<group>"; };
		38F8DBF91612354F00DD1BDA /* cpu.c */ = {isa = PBXFileReference; fileEncoding = 4; lastKnownFileType = sourcecode.c.c; path = cpu.c; sourceTree = "<group>"; };
		38F8DBFA1612354F00DD1BDA /* cpu.h */ = {isa = PBXFileReference; fileEncoding = 4; lastKnownFileType = sourcecode.c.h; path = cpu.h; sourceTree = "<group>"; };
		38F8DBFB1612354F00DD1BDA /* s16.h */ = {isa = PBXFileReference; fileEncoding = 4; lastKnownFileType = sourcecode.c.h; path = s16.h; sourceTree = "<group>"; };
		38F8DBFC1612354F00DD1BDA /* s16_free.c */ = {isa = PBXFileReference; fileEncoding = 4; lastKnownFileType = sourcecode.c.c; path = s16_free.c; sourceTree = "<group>"; };
		38F8DBFD1612354F00DD1BDA /* s16_new_lowpass.c */ = {isa = PBXFileReference; fileEncoding = 4; lastKnownFileType = sourcecode.c.c; path = s16_new_lowpass.c; sourceTree = "<group>"; };
		38F8DBFE1612354F00DD1BDA /* s16_new_preset.c */ = {isa = PBXFileReference; fileEncoding = 4; lastKnownFileType = sourcecode.c.c; path = s16_new_preset.c; sourceTree = "<group>"; };
		38F8DBFF1612354F00DD1BDA /* s16_new_resample.c */ = {isa = PBXFileReference; fileEncoding = 4; lastKnownFileType = sourcecode.c.c; path = s16_new_resample.c; sourceTree = "<group>"; };
		38F8DC001612354F00DD1BDA /* s16_new_sinc.c */ = {isa = PBXFileReference; fileEncoding = 4; lastKnownFileType = sourcecode.c.c; path = s16_new_sinc.c; sourceTree = "<group>"; };
		38F8DC011612354F00DD1BDA /* s16_resample_mono.c */ = {isa = PBXFileReference; fileEncoding = 4; lastKnownFileType = sourcecode.c.c; path = s16_resample_mono.c; sourceTree = "<group>"; };
		38F8DC021612354F00DD1BDA /* s16_resample_mono_scalar.c */ = {isa = PBXFileReference; fileEncoding = 4; lastKnownFileType = sourcecode.c.c; path = s16_resample_mono_scalar.c; sourceTree = "<group>"; };
		38F8DC031612354F00DD1BDA /* s16_resample_mono_sse2.c */ = {isa = PBXFileReference; fileEncoding = 4; lastKnownFileType = sourcecode.c.c; path = s16_resample_mono_sse2.c; sourceTree = "<group>"; };
		38F8DC041612354F00DD1BDA /* s16_resample_stereo.c */ = {isa = PBXFileReference; fileEncoding = 4; lastKnownFileType = sourcecode.c.c; path = s16_resample_stereo.c; sourceTree = "<group>"; };
		38F8DC051612354F00DD1BDA /* s16_resample_stereo_scalar.c */ = {isa = PBXFileReference; fileEncoding = 4; lastKnownFileType = sourcecode.c.c; path = s16_resample_stereo_scalar.c; sourceTree = "<group>"; };
		38F8DC061612354F00DD1BDA /* s16_resample_stereo_sse2.c */ = {isa = PBXFileReference; fileEncoding = 4; lastKnownFileType = sourcecode.c.c; path = s16_resample_stereo_sse2.c; sourceTree = "<group>"; };
		38F8DC091612355700DD1BDA /* fresample.h */ = {isa = PBXFileReference; fileEncoding = 4; lastKnownFileType = sourcecode.c.h; path = fresample.h; sourceTree = "<group>"; };
		38F8DC0C1612356500DD1BDA /* audio.c */ = {isa = PBXFileReference; fileEncoding = 4; lastKnownFileType = sourcecode.c.c; path = audio.c; sourceTree = "<group>"; };
		38F8DC0D1612356500DD1BDA /* audio.h */ = {isa = PBXFileReference; fileEncoding = 4; lastKnownFileType = sourcecode.c.h; path = audio.h; sourceTree = "<group>"; };
		38F8DC0E1612356500DD1BDA /* audio_format.c */ = {isa = PBXFileReference; fileEncoding = 4; lastKnownFileType = sourcecode.c.c; path = audio_format.c; sourceTree = "<group>"; };
		38F8DC0F1612356500DD1BDA /* audio_rate.c */ = {isa = PBXFileReference; fileEncoding = 4; lastKnownFileType = sourcecode.c.c; path = audio_rate.c; sourceTree = "<group>"; };
		38F8DC101612356500DD1BDA /* audio_raw_load.c */ = {isa = PBXFileReference; fileEncoding = 4; lastKnownFileType = sourcecode.c.c; path = audio_raw_load.c; sourceTree = "<group>"; };
		38F8DC111612356500DD1BDA /* audio_wav_check.c */ = {isa = PBXFileReference; fileEncoding = 4; lastKnownFileType = sourcecode.c.c; path = audio_wav_check.c; sourceTree = "<group>"; };
		38F8DC121612356500DD1BDA /* audio_wav_load.c */ = {isa = PBXFileReference; fileEncoding = 4; lastKnownFileType = sourcecode.c.c; path = audio_wav_load.c; sourceTree = "<group>"; };
		38F8DC131612356500DD1BDA /* audio_wav_save.c */ = {isa = PBXFileReference; fileEncoding = 4; lastKnownFileType = sourcecode.c.c; path = audio_wav_save.c; sourceTree = "<group>"; };
		38F8DC141612356500DD1BDA /* binary.h */ = {isa = PBXFileReference; fileEncoding = 4; lastKnownFileType = sourcecode.c.h; path = binary.h; sourceTree = "<group>"; };
		38F8DC151612356500DD1BDA /* common.c */ = {isa = PBXFileReference; fileEncoding = 4; lastKnownFileType = sourcecode.c.c; path = common.c; sourceTree = "<group>"; };
		38F8DC161612356500DD1BDA /* common.h */ = {isa = PBXFileReference; fileEncoding = 4; lastKnownFileType = sourcecode.c.h; path = common.h; sourceTree = "<group>"; };
		38F8DC171612356500DD1BDA /* file.c */ = {isa = PBXFileReference; fileEncoding = 4; lastKnownFileType = sourcecode.c.c; path = file.c; sourceTree = "<group>"; };
		38F8DC181612356500DD1BDA /* file.h */ = {isa = PBXFileReference; fileEncoding = 4; lastKnownFileType = sourcecode.c.h; path = file.h; sourceTree = "<group>"; };
		38F8DC191612356500DD1BDA /* main.c */ = {isa = PBXFileReference; fileEncoding = 4; lastKnownFileType = sourcecode.c.c; path = main.c; sourceTree = "<group>"; };
		38F8DC1A1612356500DD1BDA /* riff.c */ = {isa = PBXFileReference; fileEncoding = 4; lastKnownFileType = sourcecode.c.c; path = riff.c; sourceTree = "<group>"; };
		38F8DC1B1612356500DD1BDA /* riff.h */ = {isa = PBXFileReference; fileEncoding = 4; lastKnownFileType = sourcecode.c.h; path = riff.h; sourceTree = "<group>"; };
		38F8DC2D1612358C00DD1BDA /* libfresample.a */ = {isa = PBXFileReference; explicitFileType = archive.ar; includeInIndex = 0; path = libfresample.a; sourceTree = BUILT_PRODUCTS_DIR; };
		38F8DC551612366F00DD1BDA /* fresample */ = {isa = PBXFileReference; explicitFileType = "compiled.mach-o.executable"; includeInIndex = 0; path = fresample; sourceTree = BUILT_PRODUCTS_DIR; };
/* End PBXFileReference section */

/* Begin PBXFrameworksBuildPhase section */
		38F8DC2B1612358C00DD1BDA /* Frameworks */ = {
			isa = PBXFrameworksBuildPhase;
			buildActionMask = 2147483647;
			files = (
			);
			runOnlyForDeploymentPostprocessing = 0;
		};
		38F8DC531612366F00DD1BDA /* Frameworks */ = {
			isa = PBXFrameworksBuildPhase;
			buildActionMask = 2147483647;
			files = (
				38F8DC591612368800DD1BDA /* libfresample.a in Frameworks */,
			);
			runOnlyForDeploymentPostprocessing = 0;
		};
/* End PBXFrameworksBuildPhase section */

/* Begin PBXGroup section */
		38F8DBE11612350A00DD1BDA = {
			isa = PBXGroup;
			children = (
				38F8DC071612355700DD1BDA /* include */,
				38F8DBF51612354F00DD1BDA /* lib */,
				38F8DC0A1612356500DD1BDA /* src */,
				38F8DC231612357900DD1BDA /* Products */,
			);
			sourceTree = "<group>";
		};
		38F8DBF51612354F00DD1BDA /* lib */ = {
			isa = PBXGroup;
			children = (
				38F8DBF71612354F00DD1BDA /* calculate.c */,
				38F8DBF81612354F00DD1BDA /* calculate.h */,
				38F8DBF91612354F00DD1BDA /* cpu.c */,
				38F8DBFA1612354F00DD1BDA /* cpu.h */,
				38F8DBFB1612354F00DD1BDA /* s16.h */,
				38F8DBFC1612354F00DD1BDA /* s16_free.c */,
				38F8DBFD1612354F00DD1BDA /* s16_new_lowpass.c */,
				38F8DBFE1612354F00DD1BDA /* s16_new_preset.c */,
				38F8DBFF1612354F00DD1BDA /* s16_new_resample.c */,
				38F8DC001612354F00DD1BDA /* s16_new_sinc.c */,
				38F8DC011612354F00DD1BDA /* s16_resample_mono.c */,
				38F8DC021612354F00DD1BDA /* s16_resample_mono_scalar.c */,
				38F8DC031612354F00DD1BDA /* s16_resample_mono_sse2.c */,
				38F8DC041612354F00DD1BDA /* s16_resample_stereo.c */,
				38F8DC051612354F00DD1BDA /* s16_resample_stereo_scalar.c */,
				38F8DC061612354F00DD1BDA /* s16_resample_stereo_sse2.c */,
			);
			path = lib;
			sourceTree = "<group>";
		};
		38F8DC071612355700DD1BDA /* include */ = {
			isa = PBXGroup;
			children = (
				38F8DC091612355700DD1BDA /* fresample.h */,
			);
			path = include;
			sourceTree = "<group>";
		};
		38F8DC0A1612356500DD1BDA /* src */ = {
			isa = PBXGroup;
			children = (
				38F8DC0C1612356500DD1BDA /* audio.c */,
				38F8DC0D1612356500DD1BDA /* audio.h */,
				38F8DC0E1612356500DD1BDA /* audio_format.c */,
				38F8DC0F1612356500DD1BDA /* audio_rate.c */,
				38F8DC101612356500DD1BDA /* audio_raw_load.c */,
				38F8DC111612356500DD1BDA /* audio_wav_check.c */,
				38F8DC121612356500DD1BDA /* audio_wav_load.c */,
				38F8DC131612356500DD1BDA /* audio_wav_save.c */,
				38F8DC141612356500DD1BDA /* binary.h */,
				38F8DC151612356500DD1BDA /* common.c */,
				38F8DC161612356500DD1BDA /* common.h */,
				38F8DC171612356500DD1BDA /* file.c */,
				38F8DC181612356500DD1BDA /* file.h */,
				38F8DC191612356500DD1BDA /* main.c */,
				38F8DC1A1612356500DD1BDA /* riff.c */,
				38F8DC1B1612356500DD1BDA /* riff.h */,
			);
			path = src;
			sourceTree = "<group>";
		};
		38F8DC231612357900DD1BDA /* Products */ = {
			isa = PBXGroup;
			children = (
				38F8DC2D1612358C00DD1BDA /* libfresample.a */,
				38F8DC551612366F00DD1BDA /* fresample */,
			);
			name = Products;
			sourceTree = "<group>";
		};
/* End PBXGroup section */

/* Begin PBXHeadersBuildPhase section */
		38F8DC291612358C00DD1BDA /* Headers */ = {
			isa = PBXHeadersBuildPhase;
			buildActionMask = 2147483647;
			files = (
			);
			runOnlyForDeploymentPostprocessing = 0;
		};
/* End PBXHeadersBuildPhase section */

/* Begin PBXNativeTarget section */
		38F8DC2C1612358C00DD1BDA /* Static Library */ = {
			isa = PBXNativeTarget;
			buildConfigurationList = 38F8DC30161235B600DD1BDA /* Build configuration list for PBXNativeTarget "Static Library" */;
			buildPhases = (
				38F8DC291612358C00DD1BDA /* Headers */,
				38F8DC2A1612358C00DD1BDA /* Sources */,
				38F8DC2B1612358C00DD1BDA /* Frameworks */,
			);
			buildRules = (
			);
			dependencies = (
			);
			name = "Static Library";
			productName = fresample;
			productReference = 38F8DC2D1612358C00DD1BDA /* libfresample.a */;
			productType = "com.apple.product-type.library.static";
		};
		38F8DC541612366F00DD1BDA /* Tool */ = {
			isa = PBXNativeTarget;
			buildConfigurationList = 38F8DC68161236BA00DD1BDA /* Build configuration list for PBXNativeTarget "Tool" */;
			buildPhases = (
				38F8DC521612366F00DD1BDA /* Sources */,
				38F8DC531612366F00DD1BDA /* Frameworks */,
			);
			buildRules = (
			);
			dependencies = (
				38F8DC6E161236E400DD1BDA /* PBXTargetDependency */,
			);
			name = Tool;
			productName = fresample;
			productReference = 38F8DC551612366F00DD1BDA /* fresample */;
			productType = "com.apple.product-type.tool";
		};
/* End PBXNativeTarget section */

/* Begin PBXProject section */
		38F8DBE31612350A00DD1BDA /* Project object */ = {
			isa = PBXProject;
			buildConfigurationList = 38F8DBE61612350A00DD1BDA /* Build configuration list for PBXProject "LibFResample" */;
			compatibilityVersion = "Xcode 2.4";
			hasScannedForEncodings = 0;
			mainGroup = 38F8DBE11612350A00DD1BDA;
			productRefGroup = 38F8DC231612357900DD1BDA /* Products */;
			projectDirPath = "";
			projectRoot = "";
			targets = (
				38F8DC2C1612358C00DD1BDA /* Static Library */,
				38F8DC541612366F00DD1BDA /* Tool */,
			);
		};
/* End PBXProject section */

/* Begin PBXSourcesBuildPhase section */
		38F8DC2A1612358C00DD1BDA /* Sources */ = {
			isa = PBXSourcesBuildPhase;
			buildActionMask = 2147483647;
			files = (
				38F8DC39161235C300DD1BDA /* calculate.c in Sources */,
				38F8DC3A161235C400DD1BDA /* cpu.c in Sources */,
				38F8DC3B161235C500DD1BDA /* s16_free.c in Sources */,
				38F8DC3C161235C600DD1BDA /* s16_new_lowpass.c in Sources */,
				38F8DC3D161235C600DD1BDA /* s16_new_preset.c in Sources */,
				38F8DC3E161235C700DD1BDA /* s16_new_resample.c in Sources */,
				38F8DC3F161235C700DD1BDA /* s16_new_sinc.c in Sources */,
				38F8DC40161235C800DD1BDA /* s16_resample_mono.c in Sources */,
				38F8DC41161235C800DD1BDA /* s16_resample_mono_scalar.c in Sources */,
				38F8DC42161235C900DD1BDA /* s16_resample_mono_sse2.c in Sources */,
				38F8DC43161235CA00DD1BDA /* s16_resample_stereo.c in Sources */,
				38F8DC44161235CA00DD1BDA /* s16_resample_stereo_scalar.c in Sources */,
				38F8DC45161235CB00DD1BDA /* s16_resample_stereo_sse2.c in Sources */,
			);
			runOnlyForDeploymentPostprocessing = 0;
		};
		38F8DC521612366F00DD1BDA /* Sources */ = {
			isa = PBXSourcesBuildPhase;
			buildActionMask = 2147483647;
			files = (
				38F8DC5A1612369200DD1BDA /* audio.c in Sources */,
				38F8DC5B1612369200DD1BDA /* audio_format.c in Sources */,
				38F8DC5C1612369300DD1BDA /* audio_rate.c in Sources */,
				38F8DC5D1612369300DD1BDA /* audio_raw_load.c in Sources */,
				38F8DC5E1612369400DD1BDA /* audio_wav_check.c in Sources */,
				38F8DC5F1612369400DD1BDA /* audio_wav_load.c in Sources */,
				38F8DC601612369500DD1BDA /* audio_wav_save.c in Sources */,
				38F8DC611612369600DD1BDA /* common.c in Sources */,
				38F8DC621612369700DD1BDA /* file.c in Sources */,
				38F8DC631612369700DD1BDA /* main.c in Sources */,
				38F8DC641612369800DD1BDA /* riff.c in Sources */,
			);
			runOnlyForDeploymentPostprocessing = 0;
		};
/* End PBXSourcesBuildPhase section */

/* Begin PBXTargetDependency section */
		38F8DC6E161236E400DD1BDA /* PBXTargetDependency */ = {
			isa = PBXTargetDependency;
			target = 38F8DC2C1612358C00DD1BDA /* Static Library */;
			targetProxy = 38F8DC6D161236E400DD1BDA /* PBXContainerItemProxy */;
		};
/* End PBXTargetDependency section */

/* Begin XCBuildConfiguration section */
		38F8DBE41612350A00DD1BDA /* Debug */ = {
			isa = XCBuildConfiguration;
			buildSettings = {
				COPY_PHASE_STRIP = NO;
			};
			name = Debug;
		};
		38F8DBE51612350A00DD1BDA /* Release */ = {
			isa = XCBuildConfiguration;
			buildSettings = {
				ARCHS = "$(ARCHS_STANDARD_32_64_BIT_PRE_XCODE_3_1)";
				ARCHS_STANDARD_32_64_BIT_PRE_XCODE_3_1 = "ppc i386 ppc64 x86_64";
				COPY_PHASE_STRIP = YES;
				HEADER_SEARCH_PATHS = include;
				SDKROOT = /Developer/SDKs/MacOSX10.5.sdk;
			};
			name = Release;
		};
		38F8DC2E1612358D00DD1BDA /* Debug */ = {
			isa = XCBuildConfiguration;
			buildSettings = {
				ALWAYS_SEARCH_USER_PATHS = NO;
				COPY_PHASE_STRIP = NO;
				GCC_DYNAMIC_NO_PIC = NO;
				GCC_ENABLE_FIX_AND_CONTINUE = YES;
				GCC_MODEL_TUNING = G5;
				GCC_OPTIMIZATION_LEVEL = 0;
				INSTALL_PATH = /usr/local/lib;
				PREBINDING = NO;
				PRODUCT_NAME = fresample;
			};
			name = Debug;
		};
		38F8DC2F1612358D00DD1BDA /* Release */ = {
			isa = XCBuildConfiguration;
			buildSettings = {
				ALWAYS_SEARCH_USER_PATHS = NO;
				COPY_PHASE_STRIP = YES;
				DEBUG_INFORMATION_FORMAT = "dwarf-with-dsym";
				GCC_ENABLE_FIX_AND_CONTINUE = NO;
				GCC_MODEL_TUNING = G5;
				INSTALL_PATH = /usr/local/lib;
				PREBINDING = NO;
				PRODUCT_NAME = fresample;
				ZERO_LINK = NO;
			};
			name = Release;
		};
		38F8DC571612367000DD1BDA /* Debug */ = {
			isa = XCBuildConfiguration;
			buildSettings = {
				ALWAYS_SEARCH_USER_PATHS = NO;
				COPY_PHASE_STRIP = NO;
				GCC_DYNAMIC_NO_PIC = NO;
				GCC_ENABLE_FIX_AND_CONTINUE = YES;
				GCC_MODEL_TUNING = G5;
				GCC_OPTIMIZATION_LEVEL = 0;
				INSTALL_PATH = /usr/local/bin;
				OTHER_LDFLAGS = (
					"-framework",
					Foundation,
					"-framework",
					AppKit,
				);
				PREBINDING = NO;
				PRODUCT_NAME = fresample;
			};
			name = Debug;
		};
		38F8DC581612367000DD1BDA /* Release */ = {
			isa = XCBuildConfiguration;
			buildSettings = {
				ALWAYS_SEARCH_USER_PATHS = NO;
				COPY_PHASE_STRIP = YES;
				DEBUG_INFORMATION_FORMAT = "dwarf-with-dsym";
				GCC_ENABLE_FIX_AND_CONTINUE = NO;
				GCC_MODEL_TUNING = G5;
				INSTALL_PATH = /usr/local/bin;
				OTHER_LDFLAGS = (
					"-framework",
					Foundation,
					"-framework",
					AppKit,
				);
				PREBINDING = NO;
				PRODUCT_NAME = fresample;
				ZERO_LINK = NO;
			};
			name = Release;
		};
/* End XCBuildConfiguration section */

/* Begin XCConfigurationList section */
		38F8DBE61612350A00DD1BDA /* Build configuration list for PBXProject "LibFResample" */ = {
			isa = XCConfigurationList;
			buildConfigurations = (
				38F8DBE41612350A00DD1BDA /* Debug */,
				38F8DBE51612350A00DD1BDA /* Release */,
			);
			defaultConfigurationIsVisible = 0;
			defaultConfigurationName = Release;
		};
		38F8DC30161235B600DD1BDA /* Build configuration list for PBXNativeTarget "Static Library" */ = {
			isa = XCConfigurationList;
			buildConfigurations = (
				38F8DC2E1612358D00DD1BDA /* Debug */,
				38F8DC2F1612358D00DD1BDA /* Release */,
			);
			defaultConfigurationIsVisible = 0;
			defaultConfigurationName = Release;
		};
		38F8DC68161236BA00DD1BDA /* Build configuration list for PBXNativeTarget "Tool" */ = {
			isa = XCConfigurationList;
			buildConfigurations = (
				38F8DC571612367000DD1BDA /* Debug */,
				38F8DC581612367000DD1BDA /* Release */,
			);
			defaultConfigurationIsVisible = 0;
			defaultConfigurationName = Release;
		};
/* End XCConfigurationList section */
	};
	rootObject = 38F8DBE31612350A00DD1BDA /* Project object */;
}
